{
  "name": "@kdex-tech/docs-app",
  "version": "0.0.40",
  "lockfileVersion": 3,
  "requires": true,
  "packages": {
    "": {
      "name": "@kdex-tech/docs-app",
      "version": "0.0.40",
      "dependencies": {
        "@kdex-tech/ui": "^1.2.17"
      }
    },
    "node_modules/@kdex-tech/ui": {
      "version": "1.2.17",
      "resolved": "http://npm.test/@kdex-tech/ui/-/ui-1.2.17.tgz",
      "integrity": "sha512-tiPDArxuMOgpv99/pjBDb665zC9sW8q2LfgRJFr/oO2D6emtSkFeYHEU4bA/UALzYxwiMIFj5U21w+S8+hCX6g==",
      "license": "MIT"
    }
  }
}
